
Microsoft Visual Studio Solution File, Format Version 12.00
# Visual Studio Version 17
VisualStudioVersion = 17.3.32929.385
MinimumVisualStudioVersion = 10.0.40219.1
Project("{FAE04EC0-301F-11D3-BF4B-00C04F79EFBC}") = "Boutique_ZR", "Boutique_ZR.csproj", "{2F9DDDA7-19C5-4D55-B603-7C7899B5D76B}"
EndProject
Global
	GlobalSection(SolutionConfigurationPlatforms) = preSolution
		Debug|Any CPU = Debug|Any CPU
		Release|Any CPU = Release|Any CPU
	EndGlobalSection
	GlobalSection(ProjectConfigurationPlatforms) = postSolution
		{2F9DDDA7-19C5-4D55-B603-7C7899B5D76B}.Debug|Any CPU.ActiveCfg = Debug|Any CPU
		{2F9DDDA7-19C5-4D55-B603-7C7899B5D76B}.Debug|Any CPU.Build.0 = Debug|Any CPU
		{2F9DDDA7-19C5-4D55-B603-7C7899B5D76B}.Release|Any CPU.ActiveCfg = Release|Any CPU
		{2F9DDDA7-19C5-4D55-B603-7C7899B5D76B}.Release|Any CPU.Build.0 = Release|Any CPU
	EndGlobalSection
	GlobalSection(SolutionProperties) = preSolution
		HideSolutionNode = FALSE
	EndGlobalSection
	GlobalSection(ExtensibilityGlobals) = postSolution
		SolutionGuid = {86C6DF9C-3209-4780-9B36-5C59E3D646CC}
	EndGlobalSection
EndGlobal
